
Microsoft Visual Studio Solution File, Format Version 12.00
# Visual Studio 15
VisualStudioVersion = 15.0.28307.329
MinimumVisualStudioVersion = 10.0.40219.1
Project("{FAE04EC0-301F-11D3-BF4B-00C04F79EFBC}") = "Task 1", "Task 1\Task 1.csproj", "{429D3E98-948C-40F7-9943-663FCF04D832}"
EndProject
Global
	GlobalSection(SolutionConfigurationPlatforms) = preSolution
		Debug|Any CPU = Debug|Any CPU
		Release|Any CPU = Release|Any CPU
	EndGlobalSection
	GlobalSection(ProjectConfigurationPlatforms) = postSolution
		{429D3E98-948C-40F7-9943-663FCF04D832}.Debug|Any CPU.ActiveCfg = Debug|Any CPU
		{429D3E98-948C-40F7-9943-663FCF04D832}.Debug|Any CPU.Build.0 = Debug|Any CPU
		{429D3E98-948C-40F7-9943-663FCF04D832}.Release|Any CPU.ActiveCfg = Release|Any CPU
		{429D3E98-948C-40F7-9943-663FCF04D832}.Release|Any CPU.Build.0 = Release|Any CPU
	EndGlobalSection
	GlobalSection(SolutionProperties) = preSolution
		HideSolutionNode = FALSE
	EndGlobalSection
	GlobalSection(ExtensibilityGlobals) = postSolution
		SolutionGuid = {F96B4AA9-AF58-44D2-BEF8-773DFF3DF982}
	EndGlobalSection
EndGlobal
