
Microsoft Visual Studio Solution File, Format Version 12.00
# Visual Studio 15
VisualStudioVersion = 15.0.28307.329
MinimumVisualStudioVersion = 10.0.40219.1
Project("{FAE04EC0-301F-11D3-BF4B-00C04F79EFBC}") = "WindowsFormsApp1", "WindowsFormsApp1\WindowsFormsApp1.csproj", "{965CE4B0-A1C5-469D-BD31-723169E87B14}"
EndProject
Global
	GlobalSection(SolutionConfigurationPlatforms) = preSolution
		Debug|Any CPU = Debug|Any CPU
		Release|Any CPU = Release|Any CPU
	EndGlobalSection
	GlobalSection(ProjectConfigurationPlatforms) = postSolution
		{965CE4B0-A1C5-469D-BD31-723169E87B14}.Debug|Any CPU.ActiveCfg = Debug|Any CPU
		{965CE4B0-A1C5-469D-BD31-723169E87B14}.Debug|Any CPU.Build.0 = Debug|Any CPU
		{965CE4B0-A1C5-469D-BD31-723169E87B14}.Release|Any CPU.ActiveCfg = Release|Any CPU
		{965CE4B0-A1C5-469D-BD31-723169E87B14}.Release|Any CPU.Build.0 = Release|Any CPU
	EndGlobalSection
	GlobalSection(SolutionProperties) = preSolution
		HideSolutionNode = FALSE
	EndGlobalSection
	GlobalSection(ExtensibilityGlobals) = postSolution
		SolutionGuid = {4F08777B-9422-4E60-BFAB-BF901AC48690}
	EndGlobalSection
EndGlobal
